<?xml version="1.0" encoding="utf-8"?>
<Project ToolsVersion="4.0" xmlns="http://schemas.microsoft.com/developer/msbuild/2003">
  <ItemGroup>
    <Filter Include="源文件">
      <UniqueIdentifier>{4FC737F1-C7A5-4376-A066-2A32D752A2FF}</UniqueIdentifier>
      <Extensions>cpp;c;cc;cxx;def;odl;idl;hpj;bat;asm;asmx</Extensions>
    </Filter>
    <Filter Include="头文件">
      <UniqueIdentifier>{93995380-89BD-4b04-88EB-625FBE52EBFB}</UniqueIdentifier>
      <Extensions>h;hpp;hxx;hm;inl;inc;xsd</Extensions>
    </Filter>
    <Filter Include="资源文件">
      <UniqueIdentifier>{67DA6AB6-F800-4c08-8B7A-83BB121AAD01}</UniqueIdentifier>
      <Extensions>rc;ico;cur;bmp;dlg;rc2;rct;bin;rgs;gif;jpg;jpeg;jpe;resx;tiff;tif;png;wav</Extensions>
    </Filter>
    <Filter Include="include">
      <UniqueIdentifier>{0fea62c3-44ff-466b-ad5d-eb31d9e23277}</UniqueIdentifier>
    </Filter>
    <Filter Include="src">
      <UniqueIdentifier>{5519179c-be41-4c63-a7b8-657ff87425f4}</UniqueIdentifier>
    </Filter>
    <Filter Include="src\linux">
      <UniqueIdentifier>{7a46a20a-556e-4ce2-941b-d6391fb1edda}</UniqueIdentifier>
    </Filter>
    <Filter Include="src\win32">
      <UniqueIdentifier>{2311aca7-b715-44c6-9b5c-103b828163b5}</UniqueIdentifier>
    </Filter>
    <Filter Include="test">
      <UniqueIdentifier>{a228c344-cedc-41b2-bb30-543956210f73}</UniqueIdentifier>
    </Filter>
  </ItemGroup>
  <ItemGroup>
    <ClInclude Include="include\error.h">
      <Filter>include</Filter>
    </ClInclude>
    <ClInclude Include="include\un.h">
      <Filter>include</Filter>
    </ClInclude>
    <ClInclude Include="include\un-win.h">
      <Filter>include</Filter>
    </ClInclude>
    <ClInclude Include="src\win32\winapi.h">
      <Filter>src\win32</Filter>
    </ClInclude>
    <ClInclude Include="include\un_common.h">
      <Filter>include</Filter>
    </ClInclude>
  </ItemGroup>
  <ItemGroup>
    <ClCompile Include="src\win32\thread.c">
      <Filter>src\win32</Filter>
    </ClCompile>
    <ClCompile Include="src\win32\winapi.c">
      <Filter>src\win32</Filter>
    </ClCompile>
    <ClCompile Include="main.c">
      <Filter>src</Filter>
    </ClCompile>
    <ClCompile Include="test\test_thread.c">
      <Filter>test</Filter>
    </ClCompile>
    <ClCompile Include="test\test_mutex.c">
      <Filter>test</Filter>
    </ClCompile>
    <ClCompile Include="test\test_rdwrlock.c">
      <Filter>test</Filter>
    </ClCompile>
    <ClCompile Include="test\test_sem.c">
      <Filter>test</Filter>
    </ClCompile>
    <ClCompile Include="src\win32\error.c">
      <Filter>src\win32</Filter>
    </ClCompile>
    <ClCompile Include="test\test_barrier.c">
      <Filter>test</Filter>
    </ClCompile>
    <ClCompile Include="include\un_common.c">
      <Filter>include</Filter>
    </ClCompile>
    <ClCompile Include="test\test_cond.c">
      <Filter>test</Filter>
    </ClCompile>
  </ItemGroup>
</Project>